
Microsoft Visual Studio Solution File, Format Version 12.00
# Visual Studio 14
VisualStudioVersion = 14.0.25420.1
MinimumVisualStudioVersion = 10.0.40219.1
Project("{FAE04EC0-301F-11D3-BF4B-00C04F79EFBC}") = "RedingtonExam.Web", "RedingtonExam.Web\RedingtonExam.Web.csproj", "{52E7BD5A-A71D-4D02-9277-0BFB5753E570}"
EndProject
Project("{FAE04EC0-301F-11D3-BF4B-00C04F79EFBC}") = "RedingtonExam.BusinessObjects", "RedingtonExam.BusinessObjects\RedingtonExam.BusinessObjects.csproj", "{48BDB434-97AF-47BC-9A43-FA850EC70305}"
EndProject
Project("{FAE04EC0-301F-11D3-BF4B-00C04F79EFBC}") = "RedingtonExam.BusinessObjectsTests", "RedingtonExam.BusinessObjectsTests\RedingtonExam.BusinessObjectsTests.csproj", "{2853EEE6-0F69-41FC-9536-1C9185F4C56D}"
EndProject
Global
	GlobalSection(SolutionConfigurationPlatforms) = preSolution
		Debug|Any CPU = Debug|Any CPU
		Release|Any CPU = Release|Any CPU
	EndGlobalSection
	GlobalSection(ProjectConfigurationPlatforms) = postSolution
		{52E7BD5A-A71D-4D02-9277-0BFB5753E570}.Debug|Any CPU.ActiveCfg = Debug|Any CPU
		{52E7BD5A-A71D-4D02-9277-0BFB5753E570}.Debug|Any CPU.Build.0 = Debug|Any CPU
		{52E7BD5A-A71D-4D02-9277-0BFB5753E570}.Release|Any CPU.ActiveCfg = Release|Any CPU
		{52E7BD5A-A71D-4D02-9277-0BFB5753E570}.Release|Any CPU.Build.0 = Release|Any CPU
		{48BDB434-97AF-47BC-9A43-FA850EC70305}.Debug|Any CPU.ActiveCfg = Debug|Any CPU
		{48BDB434-97AF-47BC-9A43-FA850EC70305}.Debug|Any CPU.Build.0 = Debug|Any CPU
		{48BDB434-97AF-47BC-9A43-FA850EC70305}.Release|Any CPU.ActiveCfg = Release|Any CPU
		{48BDB434-97AF-47BC-9A43-FA850EC70305}.Release|Any CPU.Build.0 = Release|Any CPU
		{2853EEE6-0F69-41FC-9536-1C9185F4C56D}.Debug|Any CPU.ActiveCfg = Debug|Any CPU
		{2853EEE6-0F69-41FC-9536-1C9185F4C56D}.Debug|Any CPU.Build.0 = Debug|Any CPU
		{2853EEE6-0F69-41FC-9536-1C9185F4C56D}.Release|Any CPU.ActiveCfg = Release|Any CPU
		{2853EEE6-0F69-41FC-9536-1C9185F4C56D}.Release|Any CPU.Build.0 = Release|Any CPU
	EndGlobalSection
	GlobalSection(SolutionProperties) = preSolution
		HideSolutionNode = FALSE
	EndGlobalSection
EndGlobal
